
Microsoft Visual Studio Solution File, Format Version 12.00
# Visual Studio Version 16
VisualStudioVersion = 16.0.31205.134
MinimumVisualStudioVersion = 10.0.40219.1
Project("{FAE04EC0-301F-11D3-BF4B-00C04F79EFBC}") = "napredne-projekat", "napredne-projekat\napredne-projekat.csproj", "{CEDA9AFC-5B0A-422A-97B6-BB5D7D322367}"
EndProject
Global
	GlobalSection(SolutionConfigurationPlatforms) = preSolution
		Debug|Any CPU = Debug|Any CPU
		Release|Any CPU = Release|Any CPU
	EndGlobalSection
	GlobalSection(ProjectConfigurationPlatforms) = postSolution
		{CEDA9AFC-5B0A-422A-97B6-BB5D7D322367}.Debug|Any CPU.ActiveCfg = Debug|Any CPU
		{CEDA9AFC-5B0A-422A-97B6-BB5D7D322367}.Debug|Any CPU.Build.0 = Debug|Any CPU
		{CEDA9AFC-5B0A-422A-97B6-BB5D7D322367}.Release|Any CPU.ActiveCfg = Release|Any CPU
		{CEDA9AFC-5B0A-422A-97B6-BB5D7D322367}.Release|Any CPU.Build.0 = Release|Any CPU
	EndGlobalSection
	GlobalSection(SolutionProperties) = preSolution
		HideSolutionNode = FALSE
	EndGlobalSection
	GlobalSection(ExtensibilityGlobals) = postSolution
		SolutionGuid = {57FC1ED9-D9C7-4388-AC88-47006367D492}
	EndGlobalSection
EndGlobal
